
Microsoft Visual Studio Solution File, Format Version 12.00
# Visual Studio Version 17
VisualStudioVersion = 17.6.33801.468
MinimumVisualStudioVersion = 10.0.40219.1
Project("{9A19103F-16F7-4668-BE54-9A1E7A4F7556}") = "DotaTimerApp", "DotaTimerApp\DotaTimerApp.csproj", "{304BA68D-FAFA-4A90-904E-DDECE3358303}"
EndProject
Project("{9A19103F-16F7-4668-BE54-9A1E7A4F7556}") = "DotaGameTimersClassLibrary", "DotaGameTimersClassLibrary\DotaGameTimersClassLibrary.csproj", "{B66E2BD9-86EF-4858-B78B-9A95634804FF}"
EndProject
Project("{9A19103F-16F7-4668-BE54-9A1E7A4F7556}") = "TimeSpanTools", "TimeSpanCalcs\TimeSpanTools.csproj", "{B238B836-8094-4203-B8C5-422DEF0AB1A1}"
EndProject
Project("{9A19103F-16F7-4668-BE54-9A1E7A4F7556}") = "DotaGameTimersTests", "DotaGameTimersTests\DotaGameTimersTests.csproj", "{FE4747EA-FCF8-48C8-B2D5-DD40B06FD387}"
EndProject
Project("{9A19103F-16F7-4668-BE54-9A1E7A4F7556}") = "DotaTimerAppStringsLibrary", "DotaTimerAppStringsLibrary\DotaTimerAppStringsLibrary.csproj", "{F820742F-A7F5-4F6C-B9A3-04504E342619}"
EndProject
Project("{2150E333-8FDC-42A3-9474-1A3956D46DE8}") = "Libraries", "Libraries", "{547345D9-9891-4DFD-B233-7032AC0C6996}"
EndProject
Project("{2150E333-8FDC-42A3-9474-1A3956D46DE8}") = "Tests", "Tests", "{F943DC9D-44E9-4949-BBC1-5FCFED27DF6B}"
EndProject
Project("{2150E333-8FDC-42A3-9474-1A3956D46DE8}") = "Application Logic", "Application Logic", "{3D7E3CDE-514B-41AE-A30C-3A9FEB1FB5BA}"
EndProject
Project("{9A19103F-16F7-4668-BE54-9A1E7A4F7556}") = "DotaTimerAppLogic", "DotaTimerAppLogic\DotaTimerAppLogic.csproj", "{541A8CC7-1699-49EA-B3B2-CF0D2266F150}"
EndProject
Project("{9A19103F-16F7-4668-BE54-9A1E7A4F7556}") = "StopWatchWithTimerLogic", "StopWatchWithTimerLogic\StopWatchWithTimerLogic.csproj", "{9F3FDE28-BC62-4FA0-9C0B-4B71908EE63A}"
EndProject
Project("{2150E333-8FDC-42A3-9474-1A3956D46DE8}") = "UI", "UI", "{9C1C6B38-BC8C-4424-A4BE-36AB7994BC06}"
EndProject
Project("{FAE04EC0-301F-11D3-BF4B-00C04F79EFBC}") = "DotaTimerImages", "DotaNeutralImage\DotaTimerImages.csproj", "{6787AE6A-B75B-4852-9137-A3F24AA7FFF7}"
EndProject
Global
	GlobalSection(SolutionConfigurationPlatforms) = preSolution
		Debug|Any CPU = Debug|Any CPU
		Release|Any CPU = Release|Any CPU
	EndGlobalSection
	GlobalSection(ProjectConfigurationPlatforms) = postSolution
		{304BA68D-FAFA-4A90-904E-DDECE3358303}.Debug|Any CPU.ActiveCfg = Debug|Any CPU
		{304BA68D-FAFA-4A90-904E-DDECE3358303}.Debug|Any CPU.Build.0 = Debug|Any CPU
		{304BA68D-FAFA-4A90-904E-DDECE3358303}.Release|Any CPU.ActiveCfg = Release|Any CPU
		{304BA68D-FAFA-4A90-904E-DDECE3358303}.Release|Any CPU.Build.0 = Release|Any CPU
		{B66E2BD9-86EF-4858-B78B-9A95634804FF}.Debug|Any CPU.ActiveCfg = Debug|Any CPU
		{B66E2BD9-86EF-4858-B78B-9A95634804FF}.Debug|Any CPU.Build.0 = Debug|Any CPU
		{B66E2BD9-86EF-4858-B78B-9A95634804FF}.Release|Any CPU.ActiveCfg = Release|Any CPU
		{B66E2BD9-86EF-4858-B78B-9A95634804FF}.Release|Any CPU.Build.0 = Release|Any CPU
		{B238B836-8094-4203-B8C5-422DEF0AB1A1}.Debug|Any CPU.ActiveCfg = Debug|Any CPU
		{B238B836-8094-4203-B8C5-422DEF0AB1A1}.Debug|Any CPU.Build.0 = Debug|Any CPU
		{B238B836-8094-4203-B8C5-422DEF0AB1A1}.Release|Any CPU.ActiveCfg = Release|Any CPU
		{B238B836-8094-4203-B8C5-422DEF0AB1A1}.Release|Any CPU.Build.0 = Release|Any CPU
		{FE4747EA-FCF8-48C8-B2D5-DD40B06FD387}.Debug|Any CPU.ActiveCfg = Debug|Any CPU
		{FE4747EA-FCF8-48C8-B2D5-DD40B06FD387}.Debug|Any CPU.Build.0 = Debug|Any CPU
		{FE4747EA-FCF8-48C8-B2D5-DD40B06FD387}.Release|Any CPU.ActiveCfg = Release|Any CPU
		{FE4747EA-FCF8-48C8-B2D5-DD40B06FD387}.Release|Any CPU.Build.0 = Release|Any CPU
		{F820742F-A7F5-4F6C-B9A3-04504E342619}.Debug|Any CPU.ActiveCfg = Debug|Any CPU
		{F820742F-A7F5-4F6C-B9A3-04504E342619}.Debug|Any CPU.Build.0 = Debug|Any CPU
		{F820742F-A7F5-4F6C-B9A3-04504E342619}.Release|Any CPU.ActiveCfg = Release|Any CPU
		{F820742F-A7F5-4F6C-B9A3-04504E342619}.Release|Any CPU.Build.0 = Release|Any CPU
		{541A8CC7-1699-49EA-B3B2-CF0D2266F150}.Debug|Any CPU.ActiveCfg = Debug|Any CPU
		{541A8CC7-1699-49EA-B3B2-CF0D2266F150}.Debug|Any CPU.Build.0 = Debug|Any CPU
		{541A8CC7-1699-49EA-B3B2-CF0D2266F150}.Release|Any CPU.ActiveCfg = Release|Any CPU
		{541A8CC7-1699-49EA-B3B2-CF0D2266F150}.Release|Any CPU.Build.0 = Release|Any CPU
		{9F3FDE28-BC62-4FA0-9C0B-4B71908EE63A}.Debug|Any CPU.ActiveCfg = Debug|Any CPU
		{9F3FDE28-BC62-4FA0-9C0B-4B71908EE63A}.Debug|Any CPU.Build.0 = Debug|Any CPU
		{9F3FDE28-BC62-4FA0-9C0B-4B71908EE63A}.Release|Any CPU.ActiveCfg = Release|Any CPU
		{9F3FDE28-BC62-4FA0-9C0B-4B71908EE63A}.Release|Any CPU.Build.0 = Release|Any CPU
		{6787AE6A-B75B-4852-9137-A3F24AA7FFF7}.Debug|Any CPU.ActiveCfg = Debug|Any CPU
		{6787AE6A-B75B-4852-9137-A3F24AA7FFF7}.Debug|Any CPU.Build.0 = Debug|Any CPU
		{6787AE6A-B75B-4852-9137-A3F24AA7FFF7}.Release|Any CPU.ActiveCfg = Release|Any CPU
		{6787AE6A-B75B-4852-9137-A3F24AA7FFF7}.Release|Any CPU.Build.0 = Release|Any CPU
	EndGlobalSection
	GlobalSection(SolutionProperties) = preSolution
		HideSolutionNode = FALSE
	EndGlobalSection
	GlobalSection(NestedProjects) = preSolution
		{304BA68D-FAFA-4A90-904E-DDECE3358303} = {9C1C6B38-BC8C-4424-A4BE-36AB7994BC06}
		{B66E2BD9-86EF-4858-B78B-9A95634804FF} = {547345D9-9891-4DFD-B233-7032AC0C6996}
		{B238B836-8094-4203-B8C5-422DEF0AB1A1} = {547345D9-9891-4DFD-B233-7032AC0C6996}
		{FE4747EA-FCF8-48C8-B2D5-DD40B06FD387} = {F943DC9D-44E9-4949-BBC1-5FCFED27DF6B}
		{F820742F-A7F5-4F6C-B9A3-04504E342619} = {547345D9-9891-4DFD-B233-7032AC0C6996}
		{541A8CC7-1699-49EA-B3B2-CF0D2266F150} = {3D7E3CDE-514B-41AE-A30C-3A9FEB1FB5BA}
		{9F3FDE28-BC62-4FA0-9C0B-4B71908EE63A} = {547345D9-9891-4DFD-B233-7032AC0C6996}
		{6787AE6A-B75B-4852-9137-A3F24AA7FFF7} = {547345D9-9891-4DFD-B233-7032AC0C6996}
	EndGlobalSection
	GlobalSection(ExtensibilityGlobals) = postSolution
		SolutionGuid = {92D2D722-9BCF-49DC-AF6C-62CE321B7281}
	EndGlobalSection
EndGlobal
